// !$*UTF8*$!
{
	archiveVersion = 1;
	classes = {
	};
	objectVersion = 77;
	objects = {

/* Begin PBXBuildFile section */
		3E220E452E349B96004519E1 /* FirebaseAnalytics in Frameworks */ = {isa = PBXBuildFile; productRef = 3E220E442E349B96004519E1 /* FirebaseAnalytics */; };
		3E220E472E349B96004519E1 /* FirebaseAnalyticsCore in Frameworks */ = {isa = PBXBuildFile; productRef = 3E220E462E349B96004519E1 /* FirebaseAnalyticsCore */; };
		3E220E492E349B96004519E1 /* FirebaseAnalyticsIdentitySupport in Frameworks */ = {isa = PBXBuildFile; productRef = 3E220E482E349B96004519E1 /* FirebaseAnalyticsIdentitySupport */; };
		3E220E4F2E349B97004519E1 /* FirebaseAuth in Frameworks */ = {isa = PBXBuildFile; productRef = 3E220E4E2E349B97004519E1 /* FirebaseAuth */; };
		3E3767C92E2CF4CB00A1FDBB /* GoogleSignIn in Frameworks */ = {isa = PBXBuildFile; productRef = 3E3767C82E2CF4CB00A1FDBB /* GoogleSignIn */; };
/* End PBXBuildFile section */

/* Begin PBXContainerItemProxy section */
		3E4929512DAE4DB900C3C2BB /* PBXContainerItemProxy */ = {
			isa = PBXContainerItemProxy;
			containerPortal = 3E4929322DAE4DB500C3C2BB /* Project object */;
			proxyType = 1;
			remoteGlobalIDString = 3E4929392DAE4DB600C3C2BB;
			remoteInfo = MoneyTogether;
		};
		3E49295B2DAE4DB900C3C2BB /* PBXContainerItemProxy */ = {
			isa = PBXContainerItemProxy;
			containerPortal = 3E4929322DAE4DB500C3C2BB /* Project object */;
			proxyType = 1;
			remoteGlobalIDString = 3E4929392DAE4DB600C3C2BB;
			remoteInfo = MoneyTogether;
		};
/* End PBXContainerItemProxy section */

/* Begin PBXFileReference section */
		3E49293A2DAE4DB600C3C2BB /* MoneyTogether.app */ = {isa = PBXFileReference; explicitFileType = wrapper.application; includeInIndex = 0; path = MoneyTogether.app; sourceTree = BUILT_PRODUCTS_DIR; };
		3E4929502DAE4DB900C3C2BB /* MoneyTogetherTests.xctest */ = {isa = PBXFileReference; explicitFileType = wrapper.cfbundle; includeInIndex = 0; path = MoneyTogetherTests.xctest; sourceTree = BUILT_PRODUCTS_DIR; };
		3E49295A2DAE4DB900C3C2BB /* MoneyTogetherUITests.xctest */ = {isa = PBXFileReference; explicitFileType = wrapper.cfbundle; includeInIndex = 0; path = MoneyTogetherUITests.xctest; sourceTree = BUILT_PRODUCTS_DIR; };
/* End PBXFileReference section */

/* Begin PBXFileSystemSynchronizedBuildFileExceptionSet section */
		3E4929622DAE4DB900C3C2BB /* Exceptions for "MoneyTogether" folder in "MoneyTogether" target */ = {
			isa = PBXFileSystemSynchronizedBuildFileExceptionSet;
			membershipExceptions = (
				Config/Info.plist,
			);
			target = 3E4929392DAE4DB600C3C2BB /* MoneyTogether */;
		};
/* End PBXFileSystemSynchronizedBuildFileExceptionSet section */

/* Begin PBXFileSystemSynchronizedRootGroup section */
		3E49293C2DAE4DB600C3C2BB /* MoneyTogether */ = {
			isa = PBXFileSystemSynchronizedRootGroup;
			exceptions = (
				3E4929622DAE4DB900C3C2BB /* Exceptions for "MoneyTogether" folder in "MoneyTogether" target */,
			);
			path = MoneyTogether;
			sourceTree = "<group>";
		};
		3E4929532DAE4DB900C3C2BB /* MoneyTogetherTests */ = {
			isa = PBXFileSystemSynchronizedRootGroup;
			path = MoneyTogetherTests;
			sourceTree = "<group>";
		};
		3E49295D2DAE4DB900C3C2BB /* MoneyTogetherUITests */ = {
			isa = PBXFileSystemSynchronizedRootGroup;
			path = MoneyTogetherUITests;
			sourceTree = "<group>";
		};
/* End PBXFileSystemSynchronizedRootGroup section */

/* Begin PBXFrameworksBuildPhase section */
		3E4929372DAE4DB600C3C2BB /* Frameworks */ = {
			isa = PBXFrameworksBuildPhase;
			buildActionMask = 2147483647;
			files = (
				3E220E492E349B96004519E1 /* FirebaseAnalyticsIdentitySupport in Frameworks */,
				3E220E452E349B96004519E1 /* FirebaseAnalytics in Frameworks */,
				3E220E472E349B96004519E1 /* FirebaseAnalyticsCore in Frameworks */,
				3E3767C92E2CF4CB00A1FDBB /* GoogleSignIn in Frameworks */,
				3E220E4F2E349B97004519E1 /* FirebaseAuth in Frameworks */,
			);
			runOnlyForDeploymentPostprocessing = 0;
		};
		3E49294D2DAE4DB900C3C2BB /* Frameworks */ = {
			isa = PBXFrameworksBuildPhase;
			buildActionMask = 2147483647;
			files = (
			);
			runOnlyForDeploymentPostprocessing = 0;
		};
		3E4929572DAE4DB900C3C2BB /* Frameworks */ = {
			isa = PBXFrameworksBuildPhase;
			buildActionMask = 2147483647;
			files = (
			);
			runOnlyForDeploymentPostprocessing = 0;
		};
/* End PBXFrameworksBuildPhase section */

/* Begin PBXGroup section */
		3E3767C72E2CF4CB00A1FDBB /* Frameworks */ = {
			isa = PBXGroup;
			children = (
			);
			name = Frameworks;
			sourceTree = "<group>";
		};
		3E4929312DAE4DB500C3C2BB = {
			isa = PBXGroup;
			children = (
				3E49293C2DAE4DB600C3C2BB /* MoneyTogether */,
				3E4929532DAE4DB900C3C2BB /* MoneyTogetherTests */,
				3E49295D2DAE4DB900C3C2BB /* MoneyTogetherUITests */,
				3E3767C72E2CF4CB00A1FDBB /* Frameworks */,
				3E49293B2DAE4DB600C3C2BB /* Products */,
			);
			indentWidth = 4;
			sourceTree = "<group>";
			tabWidth = 4;
		};
		3E49293B2DAE4DB600C3C2BB /* Products */ = {
			isa = PBXGroup;
			children = (
				3E49293A2DAE4DB600C3C2BB /* MoneyTogether.app */,
				3E4929502DAE4DB900C3C2BB /* MoneyTogetherTests.xctest */,
				3E49295A2DAE4DB900C3C2BB /* MoneyTogetherUITests.xctest */,
			);
			name = Products;
			sourceTree = "<group>";
		};
/* End PBXGroup section */

/* Begin PBXNativeTarget section */
		3E4929392DAE4DB600C3C2BB /* MoneyTogether */ = {
			isa = PBXNativeTarget;
			buildConfigurationList = 3E4929632DAE4DB900C3C2BB /* Build configuration list for PBXNativeTarget "MoneyTogether" */;
			buildPhases = (
				3E4929362DAE4DB600C3C2BB /* Sources */,
				3E4929372DAE4DB600C3C2BB /* Frameworks */,
				3E4929382DAE4DB600C3C2BB /* Resources */,
			);
			buildRules = (
			);
			dependencies = (
			);
			fileSystemSynchronizedGroups = (
				3E49293C2DAE4DB600C3C2BB /* MoneyTogether */,
			);
			name = MoneyTogether;
			packageProductDependencies = (
				3E3767C82E2CF4CB00A1FDBB /* GoogleSignIn */,
				3E220E442E349B96004519E1 /* FirebaseAnalytics */,
				3E220E462E349B96004519E1 /* FirebaseAnalyticsCore */,
				3E220E482E349B96004519E1 /* FirebaseAnalyticsIdentitySupport */,
				3E220E4E2E349B97004519E1 /* FirebaseAuth */,
			);
			productName = MoneyTogether;
			productReference = 3E49293A2DAE4DB600C3C2BB /* MoneyTogether.app */;
			productType = "com.apple.product-type.application";
		};
		3E49294F2DAE4DB900C3C2BB /* MoneyTogetherTests */ = {
			isa = PBXNativeTarget;
			buildConfigurationList = 3E4929682DAE4DB900C3C2BB /* Build configuration list for PBXNativeTarget "MoneyTogetherTests" */;
			buildPhases = (
				3E49294C2DAE4DB900C3C2BB /* Sources */,
				3E49294D2DAE4DB900C3C2BB /* Frameworks */,
				3E49294E2DAE4DB900C3C2BB /* Resources */,
			);
			buildRules = (
			);
			dependencies = (
				3E4929522DAE4DB900C3C2BB /* PBXTargetDependency */,
			);
			fileSystemSynchronizedGroups = (
				3E4929532DAE4DB900C3C2BB /* MoneyTogetherTests */,
			);
			name = MoneyTogetherTests;
			packageProductDependencies = (
			);
			productName = MoneyTogetherTests;
			productReference = 3E4929502DAE4DB900C3C2BB /* MoneyTogetherTests.xctest */;
			productType = "com.apple.product-type.bundle.unit-test";
		};
		3E4929592DAE4DB900C3C2BB /* MoneyTogetherUITests */ = {
			isa = PBXNativeTarget;
			buildConfigurationList = 3E49296B2DAE4DB900C3C2BB /* Build configuration list for PBXNativeTarget "MoneyTogetherUITests" */;
			buildPhases = (
				3E4929562DAE4DB900C3C2BB /* Sources */,
				3E4929572DAE4DB900C3C2BB /* Frameworks */,
				3E4929582DAE4DB900C3C2BB /* Resources */,
			);
			buildRules = (
			);
			dependencies = (
				3E49295C2DAE4DB900C3C2BB /* PBXTargetDependency */,
			);
			fileSystemSynchronizedGroups = (
				3E49295D2DAE4DB900C3C2BB /* MoneyTogetherUITests */,
			);
			name = MoneyTogetherUITests;
			packageProductDependencies = (
			);
			productName = MoneyTogetherUITests;
			productReference = 3E49295A2DAE4DB900C3C2BB /* MoneyTogetherUITests.xctest */;
			productType = "com.apple.product-type.bundle.ui-testing";
		};
/* End PBXNativeTarget section */

/* Begin PBXProject section */
		3E4929322DAE4DB500C3C2BB /* Project object */ = {
			isa = PBXProject;
			attributes = {
				BuildIndependentTargetsInParallel = 1;
				LastSwiftUpdateCheck = 1620;
				LastUpgradeCheck = 1620;
				TargetAttributes = {
					3E4929392DAE4DB600C3C2BB = {
						CreatedOnToolsVersion = 16.2;
					};
					3E49294F2DAE4DB900C3C2BB = {
						CreatedOnToolsVersion = 16.2;
						TestTargetID = 3E4929392DAE4DB600C3C2BB;
					};
					3E4929592DAE4DB900C3C2BB = {
						CreatedOnToolsVersion = 16.2;
						TestTargetID = 3E4929392DAE4DB600C3C2BB;
					};
				};
			};
			buildConfigurationList = 3E4929352DAE4DB500C3C2BB /* Build configuration list for PBXProject "MoneyTogether" */;
			developmentRegion = "ko-KR";
			hasScannedForEncodings = 0;
			knownRegions = (
				en,
				Base,
				"ko-KR",
			);
			mainGroup = 3E4929312DAE4DB500C3C2BB;
			minimizedProjectReferenceProxies = 1;
			packageReferences = (
				3E623EBC2E2CEECD009B4077 /* XCRemoteSwiftPackageReference "GoogleSignIn-iOS" */,
				3E220E432E349A6B004519E1 /* XCRemoteSwiftPackageReference "firebase-ios-sdk" */,
			);
			preferredProjectObjectVersion = 77;
			productRefGroup = 3E49293B2DAE4DB600C3C2BB /* Products */;
			projectDirPath = "";
			projectRoot = "";
			targets = (
				3E4929392DAE4DB600C3C2BB /* MoneyTogether */,
				3E49294F2DAE4DB900C3C2BB /* MoneyTogetherTests */,
				3E4929592DAE4DB900C3C2BB /* MoneyTogetherUITests */,
			);
		};
/* End PBXProject section */

/* Begin PBXResourcesBuildPhase section */
		3E4929382DAE4DB600C3C2BB /* Resources */ = {
			isa = PBXResourcesBuildPhase;
			buildActionMask = 2147483647;
			files = (
			);
			runOnlyForDeploymentPostprocessing = 0;
		};
		3E49294E2DAE4DB900C3C2BB /* Resources */ = {
			isa = PBXResourcesBuildPhase;
			buildActionMask = 2147483647;
			files = (
			);
			runOnlyForDeploymentPostprocessing = 0;
		};
		3E4929582DAE4DB900C3C2BB /* Resources */ = {
			isa = PBXResourcesBuildPhase;
			buildActionMask = 2147483647;
			files = (
			);
			runOnlyForDeploymentPostprocessing = 0;
		};
/* End PBXResourcesBuildPhase section */

/* Begin PBXSourcesBuildPhase section */
		3E4929362DAE4DB600C3C2BB /* Sources */ = {
			isa = PBXSourcesBuildPhase;
			buildActionMask = 2147483647;
			files = (
			);
			runOnlyForDeploymentPostprocessing = 0;
		};
		3E49294C2DAE4DB900C3C2BB /* Sources */ = {
			isa = PBXSourcesBuildPhase;
			buildActionMask = 2147483647;
			files = (
			);
			runOnlyForDeploymentPostprocessing = 0;
		};
		3E4929562DAE4DB900C3C2BB /* Sources */ = {
			isa = PBXSourcesBuildPhase;
			buildActionMask = 2147483647;
			files = (
			);
			runOnlyForDeploymentPostprocessing = 0;
		};
/* End PBXSourcesBuildPhase section */

/* Begin PBXTargetDependency section */
		3E4929522DAE4DB900C3C2BB /* PBXTargetDependency */ = {
			isa = PBXTargetDependency;
			target = 3E4929392DAE4DB600C3C2BB /* MoneyTogether */;
			targetProxy = 3E4929512DAE4DB900C3C2BB /* PBXContainerItemProxy */;
		};
		3E49295C2DAE4DB900C3C2BB /* PBXTargetDependency */ = {
			isa = PBXTargetDependency;
			target = 3E4929392DAE4DB600C3C2BB /* MoneyTogether */;
			targetProxy = 3E49295B2DAE4DB900C3C2BB /* PBXContainerItemProxy */;
		};
/* End PBXTargetDependency section */

/* Begin XCBuildConfiguration section */
		3E4929642DAE4DB900C3C2BB /* Debug */ = {
			isa = XCBuildConfiguration;
			buildSettings = {
				ASSETCATALOG_COMPILER_APPICON_NAME = AppIcon;
				ASSETCATALOG_COMPILER_GLOBAL_ACCENT_COLOR_NAME = AccentColor;
				CODE_SIGN_STYLE = Automatic;
				CURRENT_PROJECT_VERSION = 1;
				DEVELOPMENT_TEAM = KWLZ2DM3AK;
				GENERATE_INFOPLIST_FILE = YES;
				INFOPLIST_FILE = MoneyTogether/Config/Info.plist;
				INFOPLIST_KEY_NSPhotoLibraryUsageDescription = "프로필 이미지 설정을 위해 사진 라이브러리에 접근하도록 허용합니다.";
				INFOPLIST_KEY_UIApplicationSupportsIndirectInputEvents = YES;
				INFOPLIST_KEY_UILaunchStoryboardName = LaunchScreen;
				INFOPLIST_KEY_UISupportedInterfaceOrientations_iPad = "UIInterfaceOrientationPortrait UIInterfaceOrientationPortraitUpsideDown UIInterfaceOrientationLandscapeLeft UIInterfaceOrientationLandscapeRight";
				INFOPLIST_KEY_UISupportedInterfaceOrientations_iPhone = "UIInterfaceOrientationPortrait UIInterfaceOrientationLandscapeLeft UIInterfaceOrientationLandscapeRight";
				IPHONEOS_DEPLOYMENT_TARGET = 17.6;
				LD_RUNPATH_SEARCH_PATHS = (
					"$(inherited)",
					"@executable_path/Frameworks",
				);
				MARKETING_VERSION = 1.0;
				PRODUCT_BUNDLE_IDENTIFIER = com.hioapp.MoneyTogether;
				PRODUCT_NAME = "$(TARGET_NAME)";
				SWIFT_EMIT_LOC_STRINGS = YES;
				SWIFT_VERSION = 5.0;
				TARGETED_DEVICE_FAMILY = "1,2";
			};
			name = Debug;
		};
		3E4929652DAE4DB900C3C2BB /* Release */ = {
			isa = XCBuildConfiguration;
			buildSettings = {
				ASSETCATALOG_COMPILER_APPICON_NAME = AppIcon;
				ASSETCATALOG_COMPILER_GLOBAL_ACCENT_COLOR_NAME = AccentColor;
				CODE_SIGN_STYLE = Automatic;
				CURRENT_PROJECT_VERSION = 1;
				DEVELOPMENT_TEAM = KWLZ2DM3AK;
				GENERATE_INFOPLIST_FILE = YES;
				INFOPLIST_FILE = MoneyTogether/Config/Info.plist;
				INFOPLIST_KEY_NSPhotoLibraryUsageDescription = "프로필 이미지 설정을 위해 사진 라이브러리에 접근하도록 허용합니다.";
				INFOPLIST_KEY_UIApplicationSupportsIndirectInputEvents = YES;
				INFOPLIST_KEY_UILaunchStoryboardName = LaunchScreen;
				INFOPLIST_KEY_UISupportedInterfaceOrientations_iPad = "UIInterfaceOrientationPortrait UIInterfaceOrientationPortraitUpsideDown UIInterfaceOrientationLandscapeLeft UIInterfaceOrientationLandscapeRight";
				INFOPLIST_KEY_UISupportedInterfaceOrientations_iPhone = "UIInterfaceOrientationPortrait UIInterfaceOrientationLandscapeLeft UIInterfaceOrientationLandscapeRight";
				IPHONEOS_DEPLOYMENT_TARGET = 17.6;
				LD_RUNPATH_SEARCH_PATHS = (
					"$(inherited)",
					"@executable_path/Frameworks",
				);
				MARKETING_VERSION = 1.0;
				PRODUCT_BUNDLE_IDENTIFIER = com.hioapp.MoneyTogether;
				PRODUCT_NAME = "$(TARGET_NAME)";
				SWIFT_EMIT_LOC_STRINGS = YES;
				SWIFT_VERSION = 5.0;
				TARGETED_DEVICE_FAMILY = "1,2";
			};
			name = Release;
		};
		3E4929662DAE4DB900C3C2BB /* Debug */ = {
			isa = XCBuildConfiguration;
			baseConfigurationReferenceAnchor = 3E49293C2DAE4DB600C3C2BB /* MoneyTogether */;
			baseConfigurationReferenceRelativePath = Config/Config.xcconfig;
			buildSettings = {
				ALWAYS_SEARCH_USER_PATHS = NO;
				ASSETCATALOG_COMPILER_GENERATE_SWIFT_ASSET_SYMBOL_EXTENSIONS = YES;
				CLANG_ANALYZER_LOCALIZABILITY_NONLOCALIZED = YES;
				CLANG_ANALYZER_NONNULL = YES;
				CLANG_ANALYZER_NUMBER_OBJECT_CONVERSION = YES_AGGRESSIVE;
				CLANG_CXX_LANGUAGE_STANDARD = "gnu++20";
				CLANG_ENABLE_MODULES = YES;
				CLANG_ENABLE_OBJC_ARC = YES;
				CLANG_ENABLE_OBJC_WEAK = YES;
				CLANG_WARN_BLOCK_CAPTURE_AUTORELEASING = YES;
				CLANG_WARN_BOOL_CONVERSION = YES;
				CLANG_WARN_COMMA = YES;
				CLANG_WARN_CONSTANT_CONVERSION = YES;
				CLANG_WARN_DEPRECATED_OBJC_IMPLEMENTATIONS = YES;
				CLANG_WARN_DIRECT_OBJC_ISA_USAGE = YES_ERROR;
				CLANG_WARN_DOCUMENTATION_COMMENTS = YES;
				CLANG_WARN_EMPTY_BODY = YES;
				CLANG_WARN_ENUM_CONVERSION = YES;
				CLANG_WARN_INFINITE_RECURSION = YES;
				CLANG_WARN_INT_CONVERSION = YES;
				CLANG_WARN_NON_LITERAL_NULL_CONVERSION = YES;
				CLANG_WARN_OBJC_IMPLICIT_RETAIN_SELF = YES;
				CLANG_WARN_OBJC_LITERAL_CONVERSION = YES;
				CLANG_WARN_OBJC_ROOT_CLASS = YES_ERROR;
				CLANG_WARN_QUOTED_INCLUDE_IN_FRAMEWORK_HEADER = YES;
				CLANG_WARN_RANGE_LOOP_ANALYSIS = YES;
				CLANG_WARN_STRICT_PROTOTYPES = YES;
				CLANG_WARN_SUSPICIOUS_MOVE = YES;
				CLANG_WARN_UNGUARDED_AVAILABILITY = YES_AGGRESSIVE;
				CLANG_WARN_UNREACHABLE_CODE = YES;
				CLANG_WARN__DUPLICATE_METHOD_MATCH = YES;
				COPY_PHASE_STRIP = NO;
				DEBUG_INFORMATION_FORMAT = dwarf;
				ENABLE_STRICT_OBJC_MSGSEND = YES;
				ENABLE_TESTABILITY = YES;
				ENABLE_USER_SCRIPT_SANDBOXING = YES;
				GCC_C_LANGUAGE_STANDARD = gnu17;
				GCC_DYNAMIC_NO_PIC = NO;
				GCC_NO_COMMON_BLOCKS = YES;
				GCC_OPTIMIZATION_LEVEL = 0;
				GCC_PREPROCESSOR_DEFINITIONS = (
					"DEBUG=1",
					"$(inherited)",
				);
				GCC_WARN_64_TO_32_BIT_CONVERSION = YES;
				GCC_WARN_ABOUT_RETURN_TYPE = YES_ERROR;
				GCC_WARN_UNDECLARED_SELECTOR = YES;
				GCC_WARN_UNINITIALIZED_AUTOS = YES_AGGRESSIVE;
				GCC_WARN_UNUSED_FUNCTION = YES;
				GCC_WARN_UNUSED_VARIABLE = YES;
				INFOPLIST_KEY_NSPhotoLibraryUsageDescription = "프로필 이미지 설정을 위해 사진 라이브러리에 접근하도록 허용합니다.";
				INFOPLIST_PREPROCESS = YES;
				IPHONEOS_DEPLOYMENT_TARGET = 18.2;
				LOCALIZATION_PREFERS_STRING_CATALOGS = YES;
				MTL_ENABLE_DEBUG_INFO = INCLUDE_SOURCE;
				MTL_FAST_MATH = YES;
				ONLY_ACTIVE_ARCH = YES;
				SDKROOT = iphoneos;
				SWIFT_ACTIVE_COMPILATION_CONDITIONS = "DEBUG $(inherited)";
				SWIFT_OPTIMIZATION_LEVEL = "-Onone";
			};
			name = Debug;
		};
		3E4929672DAE4DB900C3C2BB /* Release */ = {
			isa = XCBuildConfiguration;
			baseConfigurationReferenceAnchor = 3E49293C2DAE4DB600C3C2BB /* MoneyTogether */;
			baseConfigurationReferenceRelativePath = Config/Config.xcconfig;
			buildSettings = {
				ALWAYS_SEARCH_USER_PATHS = NO;
				ASSETCATALOG_COMPILER_GENERATE_SWIFT_ASSET_SYMBOL_EXTENSIONS = YES;
				CLANG_ANALYZER_LOCALIZABILITY_NONLOCALIZED = YES;
				CLANG_ANALYZER_NONNULL = YES;
				CLANG_ANALYZER_NUMBER_OBJECT_CONVERSION = YES_AGGRESSIVE;
				CLANG_CXX_LANGUAGE_STANDARD = "gnu++20";
				CLANG_ENABLE_MODULES = YES;
				CLANG_ENABLE_OBJC_ARC = YES;
				CLANG_ENABLE_OBJC_WEAK = YES;
				CLANG_WARN_BLOCK_CAPTURE_AUTORELEASING = YES;
				CLANG_WARN_BOOL_CONVERSION = YES;
				CLANG_WARN_COMMA = YES;
				CLANG_WARN_CONSTANT_CONVERSION = YES;
				CLANG_WARN_DEPRECATED_OBJC_IMPLEMENTATIONS = YES;
				CLANG_WARN_DIRECT_OBJC_ISA_USAGE = YES_ERROR;
				CLANG_WARN_DOCUMENTATION_COMMENTS = YES;
				CLANG_WARN_EMPTY_BODY = YES;
				CLANG_WARN_ENUM_CONVERSION = YES;
				CLANG_WARN_INFINITE_RECURSION = YES;
				CLANG_WARN_INT_CONVERSION = YES;
				CLANG_WARN_NON_LITERAL_NULL_CONVERSION = YES;
				CLANG_WARN_OBJC_IMPLICIT_RETAIN_SELF = YES;
				CLANG_WARN_OBJC_LITERAL_CONVERSION = YES;
				CLANG_WARN_OBJC_ROOT_CLASS = YES_ERROR;
				CLANG_WARN_QUOTED_INCLUDE_IN_FRAMEWORK_HEADER = YES;
				CLANG_WARN_RANGE_LOOP_ANALYSIS = YES;
				CLANG_WARN_STRICT_PROTOTYPES = YES;
				CLANG_WARN_SUSPICIOUS_MOVE = YES;
				CLANG_WARN_UNGUARDED_AVAILABILITY = YES_AGGRESSIVE;
				CLANG_WARN_UNREACHABLE_CODE = YES;
				CLANG_WARN__DUPLICATE_METHOD_MATCH = YES;
				COPY_PHASE_STRIP = NO;
				DEBUG_INFORMATION_FORMAT = "dwarf-with-dsym";
				ENABLE_NS_ASSERTIONS = NO;
				ENABLE_STRICT_OBJC_MSGSEND = YES;
				ENABLE_USER_SCRIPT_SANDBOXING = YES;
				GCC_C_LANGUAGE_STANDARD = gnu17;
				GCC_NO_COMMON_BLOCKS = YES;
				GCC_WARN_64_TO_32_BIT_CONVERSION = YES;
				GCC_WARN_ABOUT_RETURN_TYPE = YES_ERROR;
				GCC_WARN_UNDECLARED_SELECTOR = YES;
				GCC_WARN_UNINITIALIZED_AUTOS = YES_AGGRESSIVE;
				GCC_WARN_UNUSED_FUNCTION = YES;
				GCC_WARN_UNUSED_VARIABLE = YES;
				INFOPLIST_KEY_NSPhotoLibraryUsageDescription = "프로필 이미지 설정을 위해 사진 라이브러리에 접근하도록 허용합니다.";
				INFOPLIST_PREPROCESS = YES;
				IPHONEOS_DEPLOYMENT_TARGET = 18.2;
				LOCALIZATION_PREFERS_STRING_CATALOGS = YES;
				MTL_ENABLE_DEBUG_INFO = NO;
				MTL_FAST_MATH = YES;
				SDKROOT = iphoneos;
				SWIFT_COMPILATION_MODE = wholemodule;
				VALIDATE_PRODUCT = YES;
			};
			name = Release;
		};
		3E4929692DAE4DB900C3C2BB /* Debug */ = {
			isa = XCBuildConfiguration;
			buildSettings = {
				BUNDLE_LOADER = "$(TEST_HOST)";
				CODE_SIGN_STYLE = Automatic;
				CURRENT_PROJECT_VERSION = 1;
				DEVELOPMENT_TEAM = KWLZ2DM3AK;
				GENERATE_INFOPLIST_FILE = YES;
				INFOPLIST_KEY_NSPhotoLibraryUsageDescription = "프로필 이미지 설정을 위해 사진 라이브러리에 접근하도록 허용합니다.";
				IPHONEOS_DEPLOYMENT_TARGET = 18.2;
				MARKETING_VERSION = 1.0;
				PRODUCT_BUNDLE_IDENTIFIER = com.hioapp.MoneyTogetherTests;
				PRODUCT_NAME = "$(TARGET_NAME)";
				SWIFT_EMIT_LOC_STRINGS = NO;
				SWIFT_VERSION = 5.0;
				TARGETED_DEVICE_FAMILY = "1,2";
				TEST_HOST = "$(BUILT_PRODUCTS_DIR)/MoneyTogether.app/$(BUNDLE_EXECUTABLE_FOLDER_PATH)/MoneyTogether";
			};
			name = Debug;
		};
		3E49296A2DAE4DB900C3C2BB /* Release */ = {
			isa = XCBuildConfiguration;
			buildSettings = {
				BUNDLE_LOADER = "$(TEST_HOST)";
				CODE_SIGN_STYLE = Automatic;
				CURRENT_PROJECT_VERSION = 1;
				DEVELOPMENT_TEAM = KWLZ2DM3AK;
				GENERATE_INFOPLIST_FILE = YES;
				INFOPLIST_KEY_NSPhotoLibraryUsageDescription = "프로필 이미지 설정을 위해 사진 라이브러리에 접근하도록 허용합니다.";
				IPHONEOS_DEPLOYMENT_TARGET = 18.2;
				MARKETING_VERSION = 1.0;
				PRODUCT_BUNDLE_IDENTIFIER = com.hioapp.MoneyTogetherTests;
				PRODUCT_NAME = "$(TARGET_NAME)";
				SWIFT_EMIT_LOC_STRINGS = NO;
				SWIFT_VERSION = 5.0;
				TARGETED_DEVICE_FAMILY = "1,2";
				TEST_HOST = "$(BUILT_PRODUCTS_DIR)/MoneyTogether.app/$(BUNDLE_EXECUTABLE_FOLDER_PATH)/MoneyTogether";
			};
			name = Release;
		};
		3E49296C2DAE4DB900C3C2BB /* Debug */ = {
			isa = XCBuildConfiguration;
			buildSettings = {
				CODE_SIGN_STYLE = Automatic;
				CURRENT_PROJECT_VERSION = 1;
				DEVELOPMENT_TEAM = KWLZ2DM3AK;
				GENERATE_INFOPLIST_FILE = YES;
				INFOPLIST_KEY_NSPhotoLibraryUsageDescription = "프로필 이미지 설정을 위해 사진 라이브러리에 접근하도록 허용합니다.";
				MARKETING_VERSION = 1.0;
				PRODUCT_BUNDLE_IDENTIFIER = com.hioapp.MoneyTogetherUITests;
				PRODUCT_NAME = "$(TARGET_NAME)";
				SWIFT_EMIT_LOC_STRINGS = NO;
				SWIFT_VERSION = 5.0;
				TARGETED_DEVICE_FAMILY = "1,2";
				TEST_TARGET_NAME = MoneyTogether;
			};
			name = Debug;
		};
		3E49296D2DAE4DB900C3C2BB /* Release */ = {
			isa = XCBuildConfiguration;
			buildSettings = {
				CODE_SIGN_STYLE = Automatic;
				CURRENT_PROJECT_VERSION = 1;
				DEVELOPMENT_TEAM = KWLZ2DM3AK;
				GENERATE_INFOPLIST_FILE = YES;
				INFOPLIST_KEY_NSPhotoLibraryUsageDescription = "프로필 이미지 설정을 위해 사진 라이브러리에 접근하도록 허용합니다.";
				MARKETING_VERSION = 1.0;
				PRODUCT_BUNDLE_IDENTIFIER = com.hioapp.MoneyTogetherUITests;
				PRODUCT_NAME = "$(TARGET_NAME)";
				SWIFT_EMIT_LOC_STRINGS = NO;
				SWIFT_VERSION = 5.0;
				TARGETED_DEVICE_FAMILY = "1,2";
				TEST_TARGET_NAME = MoneyTogether;
			};
			name = Release;
		};
/* End XCBuildConfiguration section */

/* Begin XCConfigurationList section */
		3E4929352DAE4DB500C3C2BB /* Build configuration list for PBXProject "MoneyTogether" */ = {
			isa = XCConfigurationList;
			buildConfigurations = (
				3E4929662DAE4DB900C3C2BB /* Debug */,
				3E4929672DAE4DB900C3C2BB /* Release */,
			);
			defaultConfigurationIsVisible = 0;
			defaultConfigurationName = Release;
		};
		3E4929632DAE4DB900C3C2BB /* Build configuration list for PBXNativeTarget "MoneyTogether" */ = {
			isa = XCConfigurationList;
			buildConfigurations = (
				3E4929642DAE4DB900C3C2BB /* Debug */,
				3E4929652DAE4DB900C3C2BB /* Release */,
			);
			defaultConfigurationIsVisible = 0;
			defaultConfigurationName = Release;
		};
		3E4929682DAE4DB900C3C2BB /* Build configuration list for PBXNativeTarget "MoneyTogetherTests" */ = {
			isa = XCConfigurationList;
			buildConfigurations = (
				3E4929692DAE4DB900C3C2BB /* Debug */,
				3E49296A2DAE4DB900C3C2BB /* Release */,
			);
			defaultConfigurationIsVisible = 0;
			defaultConfigurationName = Release;
		};
		3E49296B2DAE4DB900C3C2BB /* Build configuration list for PBXNativeTarget "MoneyTogetherUITests" */ = {
			isa = XCConfigurationList;
			buildConfigurations = (
				3E49296C2DAE4DB900C3C2BB /* Debug */,
				3E49296D2DAE4DB900C3C2BB /* Release */,
			);
			defaultConfigurationIsVisible = 0;
			defaultConfigurationName = Release;
		};
/* End XCConfigurationList section */

/* Begin XCRemoteSwiftPackageReference section */
		3E220E432E349A6B004519E1 /* XCRemoteSwiftPackageReference "firebase-ios-sdk" */ = {
			isa = XCRemoteSwiftPackageReference;
			repositoryURL = "https://github.com/firebase/firebase-ios-sdk.git";
			requirement = {
				kind = upToNextMajorVersion;
				minimumVersion = 12.0.0;
			};
		};
		3E623EBC2E2CEECD009B4077 /* XCRemoteSwiftPackageReference "GoogleSignIn-iOS" */ = {
			isa = XCRemoteSwiftPackageReference;
			repositoryURL = "https://github.com/google/GoogleSignIn-iOS";
			requirement = {
				kind = upToNextMajorVersion;
				minimumVersion = 9.0.0;
			};
		};
/* End XCRemoteSwiftPackageReference section */

/* Begin XCSwiftPackageProductDependency section */
		3E220E442E349B96004519E1 /* FirebaseAnalytics */ = {
			isa = XCSwiftPackageProductDependency;
			package = 3E220E432E349A6B004519E1 /* XCRemoteSwiftPackageReference "firebase-ios-sdk" */;
			productName = FirebaseAnalytics;
		};
		3E220E462E349B96004519E1 /* FirebaseAnalyticsCore */ = {
			isa = XCSwiftPackageProductDependency;
			package = 3E220E432E349A6B004519E1 /* XCRemoteSwiftPackageReference "firebase-ios-sdk" */;
			productName = FirebaseAnalyticsCore;
		};
		3E220E482E349B96004519E1 /* FirebaseAnalyticsIdentitySupport */ = {
			isa = XCSwiftPackageProductDependency;
			package = 3E220E432E349A6B004519E1 /* XCRemoteSwiftPackageReference "firebase-ios-sdk" */;
			productName = FirebaseAnalyticsIdentitySupport;
		};
		3E220E4E2E349B97004519E1 /* FirebaseAuth */ = {
			isa = XCSwiftPackageProductDependency;
			package = 3E220E432E349A6B004519E1 /* XCRemoteSwiftPackageReference "firebase-ios-sdk" */;
			productName = FirebaseAuth;
		};
		3E3767C82E2CF4CB00A1FDBB /* GoogleSignIn */ = {
			isa = XCSwiftPackageProductDependency;
			package = 3E623EBC2E2CEECD009B4077 /* XCRemoteSwiftPackageReference "GoogleSignIn-iOS" */;
			productName = GoogleSignIn;
		};
/* End XCSwiftPackageProductDependency section */
	};
	rootObject = 3E4929322DAE4DB500C3C2BB /* Project object */;
}
